
Microsoft Visual Studio Solution File, Format Version 12.00
# Visual Studio Version 17
VisualStudioVersion = 17.13.36105.23 d17.13
MinimumVisualStudioVersion = 10.0.40219.1
Project("{FAE04EC0-301F-11D3-BF4B-00C04F79EFBC}") = "UniTodo", "UniTodo\UniTodo.csproj", "{BE6B09A4-9AC6-448B-88DA-A9F57D44EC42}"
EndProject
Global
	GlobalSection(SolutionConfigurationPlatforms) = preSolution
		Debug|Any CPU = Debug|Any CPU
		Release|Any CPU = Release|Any CPU
	EndGlobalSection
	GlobalSection(ProjectConfigurationPlatforms) = postSolution
		{BE6B09A4-9AC6-448B-88DA-A9F57D44EC42}.Debug|Any CPU.ActiveCfg = Debug|Any CPU
		{BE6B09A4-9AC6-448B-88DA-A9F57D44EC42}.Debug|Any CPU.Build.0 = Debug|Any CPU
		{BE6B09A4-9AC6-448B-88DA-A9F57D44EC42}.Release|Any CPU.ActiveCfg = Release|Any CPU
		{BE6B09A4-9AC6-448B-88DA-A9F57D44EC42}.Release|Any CPU.Build.0 = Release|Any CPU
	EndGlobalSection
	GlobalSection(SolutionProperties) = preSolution
		HideSolutionNode = FALSE
	EndGlobalSection
	GlobalSection(ExtensibilityGlobals) = postSolution
		SolutionGuid = {6FB6535F-3751-4F61-9254-445E9560D792}
	EndGlobalSection
EndGlobal
